
Microsoft Visual Studio Solution File, Format Version 12.00
# Visual Studio Version 17
VisualStudioVersion = 17.0.31903.59
MinimumVisualStudioVersion = 10.0.40219.1
Project("{9A19103F-16F7-4668-BE54-9A1E7A4F7556}") = "Tests", "tests\Tests.csproj", "{32BF3F91-0D25-4795-8F35-5BC66F91B0BC}"
EndProject
Project("{9A19103F-16F7-4668-BE54-9A1E7A4F7556}") = "Model", "Model\Model.csproj", "{CCE29983-1FF4-4055-A221-80823D5F4598}"
EndProject
Project("{9A19103F-16F7-4668-BE54-9A1E7A4F7556}") = "Repositories", "Repositories\Repositories.csproj", "{8CB6A9DB-0755-4D79-9E08-134D549ABF12}"
EndProject
Project("{9A19103F-16F7-4668-BE54-9A1E7A4F7556}") = "Aplication", "Aplication\Aplication.csproj", "{738CD0FD-7BDF-4306-99AF-21A567BB3D56}"
EndProject
Project("{9A19103F-16F7-4668-BE54-9A1E7A4F7556}") = "Ui", "Ui\Ui.csproj", "{A3AB2B6E-D530-486A-9D0B-CF19082F798B}"
EndProject
Global
	GlobalSection(SolutionConfigurationPlatforms) = preSolution
		Debug|Any CPU = Debug|Any CPU
		Release|Any CPU = Release|Any CPU
	EndGlobalSection
	GlobalSection(ProjectConfigurationPlatforms) = postSolution
		{32BF3F91-0D25-4795-8F35-5BC66F91B0BC}.Debug|Any CPU.ActiveCfg = Debug|Any CPU
		{32BF3F91-0D25-4795-8F35-5BC66F91B0BC}.Debug|Any CPU.Build.0 = Debug|Any CPU
		{32BF3F91-0D25-4795-8F35-5BC66F91B0BC}.Release|Any CPU.ActiveCfg = Release|Any CPU
		{32BF3F91-0D25-4795-8F35-5BC66F91B0BC}.Release|Any CPU.Build.0 = Release|Any CPU
		{CCE29983-1FF4-4055-A221-80823D5F4598}.Debug|Any CPU.ActiveCfg = Debug|Any CPU
		{CCE29983-1FF4-4055-A221-80823D5F4598}.Debug|Any CPU.Build.0 = Debug|Any CPU
		{CCE29983-1FF4-4055-A221-80823D5F4598}.Release|Any CPU.ActiveCfg = Release|Any CPU
		{CCE29983-1FF4-4055-A221-80823D5F4598}.Release|Any CPU.Build.0 = Release|Any CPU
		{8CB6A9DB-0755-4D79-9E08-134D549ABF12}.Debug|Any CPU.ActiveCfg = Debug|Any CPU
		{8CB6A9DB-0755-4D79-9E08-134D549ABF12}.Debug|Any CPU.Build.0 = Debug|Any CPU
		{8CB6A9DB-0755-4D79-9E08-134D549ABF12}.Release|Any CPU.ActiveCfg = Release|Any CPU
		{8CB6A9DB-0755-4D79-9E08-134D549ABF12}.Release|Any CPU.Build.0 = Release|Any CPU
		{738CD0FD-7BDF-4306-99AF-21A567BB3D56}.Debug|Any CPU.ActiveCfg = Debug|Any CPU
		{738CD0FD-7BDF-4306-99AF-21A567BB3D56}.Debug|Any CPU.Build.0 = Debug|Any CPU
		{738CD0FD-7BDF-4306-99AF-21A567BB3D56}.Release|Any CPU.ActiveCfg = Release|Any CPU
		{738CD0FD-7BDF-4306-99AF-21A567BB3D56}.Release|Any CPU.Build.0 = Release|Any CPU
		{A3AB2B6E-D530-486A-9D0B-CF19082F798B}.Debug|Any CPU.ActiveCfg = Debug|Any CPU
		{A3AB2B6E-D530-486A-9D0B-CF19082F798B}.Debug|Any CPU.Build.0 = Debug|Any CPU
		{A3AB2B6E-D530-486A-9D0B-CF19082F798B}.Release|Any CPU.ActiveCfg = Release|Any CPU
		{A3AB2B6E-D530-486A-9D0B-CF19082F798B}.Release|Any CPU.Build.0 = Release|Any CPU
	EndGlobalSection
	GlobalSection(SolutionProperties) = preSolution
		HideSolutionNode = FALSE
	EndGlobalSection
	GlobalSection(ExtensibilityGlobals) = postSolution
		SolutionGuid = {7DFAB179-A175-4FBB-8D70-321BC1406583}
	EndGlobalSection
EndGlobal
